
Microsoft Visual Studio Solution File, Format Version 12.00
# Visual Studio Version 17
VisualStudioVersion = 17.5.002.0
MinimumVisualStudioVersion = 10.0.40219.1
Project("{9A19103F-16F7-4668-BE54-9A1E7A4F7556}") = "verbs", "verbs.csproj", "{052965CB-2D2C-4598-8C29-01518F4FB800}"
EndProject
Global
	GlobalSection(SolutionConfigurationPlatforms) = preSolution
		Debug|Any CPU = Debug|Any CPU
		Release|Any CPU = Release|Any CPU
	EndGlobalSection
	GlobalSection(ProjectConfigurationPlatforms) = postSolution
		{052965CB-2D2C-4598-8C29-01518F4FB800}.Debug|Any CPU.ActiveCfg = Debug|Any CPU
		{052965CB-2D2C-4598-8C29-01518F4FB800}.Debug|Any CPU.Build.0 = Debug|Any CPU
		{052965CB-2D2C-4598-8C29-01518F4FB800}.Release|Any CPU.ActiveCfg = Release|Any CPU
		{052965CB-2D2C-4598-8C29-01518F4FB800}.Release|Any CPU.Build.0 = Release|Any CPU
	EndGlobalSection
	GlobalSection(SolutionProperties) = preSolution
		HideSolutionNode = FALSE
	EndGlobalSection
	GlobalSection(ExtensibilityGlobals) = postSolution
		SolutionGuid = {975E6371-E85D-4853-A49A-D5D497F0546E}
	EndGlobalSection
EndGlobal
